
Microsoft Visual Studio Solution File, Format Version 12.00
# Visual Studio 15
VisualStudioVersion = 15.0.28306.52
MinimumVisualStudioVersion = 10.0.40219.1
Project("{8BC9CEB8-8B4A-11D0-8D11-00A0C91BC942}") = "mgs2_oct0xor", "mgs2_oct0xor\mgs2_oct0xor.vcxproj", "{753ECEA9-4578-405C-A83C-8CFF35C9098F}"
EndProject
Global
	GlobalSection(SolutionConfigurationPlatforms) = preSolution
		Debug|x64 = Debug|x64
		Debug|x86 = Debug|x86
		Release|x64 = Release|x64
		Release|x86 = Release|x86
	EndGlobalSection
	GlobalSection(ProjectConfigurationPlatforms) = postSolution
		{753ECEA9-4578-405C-A83C-8CFF35C9098F}.Debug|x64.ActiveCfg = Debug|x64
		{753ECEA9-4578-405C-A83C-8CFF35C9098F}.Debug|x64.Build.0 = Debug|x64
		{753ECEA9-4578-405C-A83C-8CFF35C9098F}.Debug|x86.ActiveCfg = Debug|Win32
		{753ECEA9-4578-405C-A83C-8CFF35C9098F}.Debug|x86.Build.0 = Debug|Win32
		{753ECEA9-4578-405C-A83C-8CFF35C9098F}.Release|x64.ActiveCfg = Release|x64
		{753ECEA9-4578-405C-A83C-8CFF35C9098F}.Release|x64.Build.0 = Release|x64
		{753ECEA9-4578-405C-A83C-8CFF35C9098F}.Release|x86.ActiveCfg = Release|Win32
		{753ECEA9-4578-405C-A83C-8CFF35C9098F}.Release|x86.Build.0 = Release|Win32
	EndGlobalSection
	GlobalSection(SolutionProperties) = preSolution
		HideSolutionNode = FALSE
	EndGlobalSection
	GlobalSection(ExtensibilityGlobals) = postSolution
		SolutionGuid = {5FF4AFE5-0941-4F76-8E20-6F7EB6207C43}
	EndGlobalSection
EndGlobal
