
Microsoft Visual Studio Solution File, Format Version 12.00
# Visual Studio 15
VisualStudioVersion = 15.0.28306.52
MinimumVisualStudioVersion = 10.0.40219.1
Project("{8BC9CEB8-8B4A-11D0-8D11-00A0C91BC942}") = "solid_mods_loader", "solid_mods_loader\solid_mods_loader.vcxproj", "{30A0CE47-E3E4-4D0D-98B9-00731B6E5231}"
EndProject
Global
	GlobalSection(SolutionConfigurationPlatforms) = preSolution
		Debug|x64 = Debug|x64
		Debug|x86 = Debug|x86
		Release|x64 = Release|x64
		Release|x86 = Release|x86
	EndGlobalSection
	GlobalSection(ProjectConfigurationPlatforms) = postSolution
		{30A0CE47-E3E4-4D0D-98B9-00731B6E5231}.Debug|x64.ActiveCfg = Debug|x64
		{30A0CE47-E3E4-4D0D-98B9-00731B6E5231}.Debug|x64.Build.0 = Debug|x64
		{30A0CE47-E3E4-4D0D-98B9-00731B6E5231}.Debug|x86.ActiveCfg = Debug|Win32
		{30A0CE47-E3E4-4D0D-98B9-00731B6E5231}.Debug|x86.Build.0 = Debug|Win32
		{30A0CE47-E3E4-4D0D-98B9-00731B6E5231}.Release|x64.ActiveCfg = Release|x64
		{30A0CE47-E3E4-4D0D-98B9-00731B6E5231}.Release|x64.Build.0 = Release|x64
		{30A0CE47-E3E4-4D0D-98B9-00731B6E5231}.Release|x86.ActiveCfg = Release|Win32
		{30A0CE47-E3E4-4D0D-98B9-00731B6E5231}.Release|x86.Build.0 = Release|Win32
	EndGlobalSection
	GlobalSection(SolutionProperties) = preSolution
		HideSolutionNode = FALSE
	EndGlobalSection
	GlobalSection(ExtensibilityGlobals) = postSolution
		SolutionGuid = {1C272382-4F8B-4738-AD6E-2A86CF1185AC}
	EndGlobalSection
EndGlobal
